
Microsoft Visual Studio Solution File, Format Version 12.00
# Visual Studio 15
VisualStudioVersion = 15.0.28307.1022
MinimumVisualStudioVersion = 10.0.40219.1
Project("{FAE04EC0-301F-11D3-BF4B-00C04F79EFBC}") = "Robworld.PsCommands", "Robworld.PsCommands\Robworld.PsCommands.csproj", "{1E3A3AAD-80F2-455D-B52F-40C691858487}"
EndProject
Project("{FAE04EC0-301F-11D3-BF4B-00C04F79EFBC}") = "Robworld.PsViewers", "Robworld.PsViewers\Robworld.PsViewers.csproj", "{F099A98A-0734-4661-B3F1-EF3E49DED7CC}"
EndProject
Project("{FAE04EC0-301F-11D3-BF4B-00C04F79EFBC}") = "Robworld.PsPublicLibrary", "Robworld.PsPublicLibrary\Robworld.PsPublicLibrary.csproj", "{D1A120B4-BF9C-4C54-AE4A-0C9947C959BF}"
EndProject
Global
	GlobalSection(SolutionConfigurationPlatforms) = preSolution
		Debug|Any CPU = Debug|Any CPU
		Release|Any CPU = Release|Any CPU
	EndGlobalSection
	GlobalSection(ProjectConfigurationPlatforms) = postSolution
		{1E3A3AAD-80F2-455D-B52F-40C691858487}.Debug|Any CPU.ActiveCfg = Debug|Any CPU
		{1E3A3AAD-80F2-455D-B52F-40C691858487}.Debug|Any CPU.Build.0 = Debug|Any CPU
		{1E3A3AAD-80F2-455D-B52F-40C691858487}.Release|Any CPU.ActiveCfg = Release|Any CPU
		{1E3A3AAD-80F2-455D-B52F-40C691858487}.Release|Any CPU.Build.0 = Release|Any CPU
		{F099A98A-0734-4661-B3F1-EF3E49DED7CC}.Debug|Any CPU.ActiveCfg = Debug|Any CPU
		{F099A98A-0734-4661-B3F1-EF3E49DED7CC}.Debug|Any CPU.Build.0 = Debug|Any CPU
		{F099A98A-0734-4661-B3F1-EF3E49DED7CC}.Release|Any CPU.ActiveCfg = Release|Any CPU
		{F099A98A-0734-4661-B3F1-EF3E49DED7CC}.Release|Any CPU.Build.0 = Release|Any CPU
		{D1A120B4-BF9C-4C54-AE4A-0C9947C959BF}.Debug|Any CPU.ActiveCfg = Debug|Any CPU
		{D1A120B4-BF9C-4C54-AE4A-0C9947C959BF}.Debug|Any CPU.Build.0 = Debug|Any CPU
		{D1A120B4-BF9C-4C54-AE4A-0C9947C959BF}.Release|Any CPU.ActiveCfg = Release|Any CPU
		{D1A120B4-BF9C-4C54-AE4A-0C9947C959BF}.Release|Any CPU.Build.0 = Release|Any CPU
	EndGlobalSection
	GlobalSection(SolutionProperties) = preSolution
		HideSolutionNode = FALSE
	EndGlobalSection
	GlobalSection(ExtensibilityGlobals) = postSolution
		SolutionGuid = {A4F2FC2B-34E0-4C3A-B3F6-E21568358EBF}
	EndGlobalSection
EndGlobal
